
Microsoft Visual Studio Solution File, Format Version 12.00
# Visual Studio Version 17
VisualStudioVersion = 17.10.35013.160
MinimumVisualStudioVersion = 10.0.40219.1
Project("{FAE04EC0-301F-11D3-BF4B-00C04F79EFBC}") = "Fight Project", "Fight Project\Fight Project.csproj", "{B604A46E-9B4A-4881-ACFC-286FEE896B29}"
EndProject
Global
	GlobalSection(SolutionConfigurationPlatforms) = preSolution
		Debug|Any CPU = Debug|Any CPU
		Release|Any CPU = Release|Any CPU
	EndGlobalSection
	GlobalSection(ProjectConfigurationPlatforms) = postSolution
		{B604A46E-9B4A-4881-ACFC-286FEE896B29}.Debug|Any CPU.ActiveCfg = Debug|Any CPU
		{B604A46E-9B4A-4881-ACFC-286FEE896B29}.Debug|Any CPU.Build.0 = Debug|Any CPU
		{B604A46E-9B4A-4881-ACFC-286FEE896B29}.Release|Any CPU.ActiveCfg = Release|Any CPU
		{B604A46E-9B4A-4881-ACFC-286FEE896B29}.Release|Any CPU.Build.0 = Release|Any CPU
	EndGlobalSection
	GlobalSection(SolutionProperties) = preSolution
		HideSolutionNode = FALSE
	EndGlobalSection
	GlobalSection(ExtensibilityGlobals) = postSolution
		SolutionGuid = {EF92C88E-D10A-4929-BB32-283016A5FB12}
	EndGlobalSection
EndGlobal
